
Microsoft Visual Studio Solution File, Format Version 12.00
# Visual Studio Version 16
VisualStudioVersion = 16.0.29926.136
MinimumVisualStudioVersion = 10.0.40219.1
Project("{9A19103F-16F7-4668-BE54-9A1E7A4F7556}") = "PushSharpStandard.Core", "PushSharpStandard.Core\PushSharpStandard.Core.csproj", "{A4EFB0A0-A4E7-4194-AA81-D6A29234CAC8}"
EndProject
Project("{9A19103F-16F7-4668-BE54-9A1E7A4F7556}") = "PushSharpStandard.Apple", "PushSharpStandard.Apple\PushSharpStandard.Apple.csproj", "{015848AD-6530-42B1-8148-108394C7017D}"
EndProject
Project("{9A19103F-16F7-4668-BE54-9A1E7A4F7556}") = "PushSharpStandard.Google", "PushSharpStandard.Google\PushSharpStandard.Google.csproj", "{C9B46FF8-EEB3-469D-B7FA-FA16CEB11C61}"
EndProject
Global
	GlobalSection(SolutionConfigurationPlatforms) = preSolution
		Debug|Any CPU = Debug|Any CPU
		Release|Any CPU = Release|Any CPU
	EndGlobalSection
	GlobalSection(ProjectConfigurationPlatforms) = postSolution
		{A4EFB0A0-A4E7-4194-AA81-D6A29234CAC8}.Debug|Any CPU.ActiveCfg = Debug|Any CPU
		{A4EFB0A0-A4E7-4194-AA81-D6A29234CAC8}.Debug|Any CPU.Build.0 = Debug|Any CPU
		{A4EFB0A0-A4E7-4194-AA81-D6A29234CAC8}.Release|Any CPU.ActiveCfg = Release|Any CPU
		{A4EFB0A0-A4E7-4194-AA81-D6A29234CAC8}.Release|Any CPU.Build.0 = Release|Any CPU
		{015848AD-6530-42B1-8148-108394C7017D}.Debug|Any CPU.ActiveCfg = Debug|Any CPU
		{015848AD-6530-42B1-8148-108394C7017D}.Debug|Any CPU.Build.0 = Debug|Any CPU
		{015848AD-6530-42B1-8148-108394C7017D}.Release|Any CPU.ActiveCfg = Release|Any CPU
		{015848AD-6530-42B1-8148-108394C7017D}.Release|Any CPU.Build.0 = Release|Any CPU
		{C9B46FF8-EEB3-469D-B7FA-FA16CEB11C61}.Debug|Any CPU.ActiveCfg = Debug|Any CPU
		{C9B46FF8-EEB3-469D-B7FA-FA16CEB11C61}.Debug|Any CPU.Build.0 = Debug|Any CPU
		{C9B46FF8-EEB3-469D-B7FA-FA16CEB11C61}.Release|Any CPU.ActiveCfg = Release|Any CPU
		{C9B46FF8-EEB3-469D-B7FA-FA16CEB11C61}.Release|Any CPU.Build.0 = Release|Any CPU
	EndGlobalSection
	GlobalSection(SolutionProperties) = preSolution
		HideSolutionNode = FALSE
	EndGlobalSection
	GlobalSection(ExtensibilityGlobals) = postSolution
		SolutionGuid = {60072A32-6F1A-49C2-8A18-61DFEDF1A8E7}
	EndGlobalSection
EndGlobal
